// !$*UTF8*$!
{
	archiveVersion = 1;
	classes = {
	};
	objectVersion = 46;
	objects = {

/* Begin PBXBuildFile section */
		3B25F94B19DB6007001ECDAB /* Current.swift in Sources */ = {isa = PBXBuildFile; fileRef = 3B25F94A19DB6007001ECDAB /* Current.swift */; };
		3BCEB0F619CFDE2D00A5E788 /* AppDelegate.swift in Sources */ = {isa = PBXBuildFile; fileRef = 3BCEB0F519CFDE2D00A5E788 /* AppDelegate.swift */; };
		3BCEB0F819CFDE2D00A5E788 /* ViewController.swift in Sources */ = {isa = PBXBuildFile; fileRef = 3BCEB0F719CFDE2D00A5E788 /* ViewController.swift */; };
		3BCEB0FB19CFDE2D00A5E788 /* Main.storyboard in Resources */ = {isa = PBXBuildFile; fileRef = 3BCEB0F919CFDE2D00A5E788 /* Main.storyboard */; };
		3BCEB0FD19CFDE2D00A5E788 /* Images.xcassets in Resources */ = {isa = PBXBuildFile; fileRef = 3BCEB0FC19CFDE2D00A5E788 /* Images.xcassets */; };
		3BCEB10019CFDE2D00A5E788 /* LaunchScreen.xib in Resources */ = {isa = PBXBuildFile; fileRef = 3BCEB0FE19CFDE2D00A5E788 /* LaunchScreen.xib */; };
		3BCEB10C19CFDE2D00A5E788 /* StormyTests.swift in Sources */ = {isa = PBXBuildFile; fileRef = 3BCEB10B19CFDE2D00A5E788 /* StormyTests.swift */; };
/* End PBXBuildFile section */

/* Begin PBXContainerItemProxy section */
		3BCEB10619CFDE2D00A5E788 /* PBXContainerItemProxy */ = {
			isa = PBXContainerItemProxy;
			containerPortal = 3BCEB0E819CFDE2D00A5E788 /* Project object */;
			proxyType = 1;
			remoteGlobalIDString = 3BCEB0EF19CFDE2D00A5E788;
			remoteInfo = Stormy;
		};
/* End PBXContainerItemProxy section */

/* Begin PBXFileReference section */
		3B25F94A19DB6007001ECDAB /* Current.swift */ = {isa = PBXFileReference; fileEncoding = 4; lastKnownFileType = sourcecode.swift; path = Current.swift; sourceTree = "<group>"; };
		3BCEB0F019CFDE2D00A5E788 /* Stormy.app */ = {isa = PBXFileReference; explicitFileType = wrapper.application; includeInIndex = 0; path = Stormy.app; sourceTree = BUILT_PRODUCTS_DIR; };
		3BCEB0F419CFDE2D00A5E788 /* Info.plist */ = {isa = PBXFileReference; lastKnownFileType = text.plist.xml; path = Info.plist; sourceTree = "<group>"; };
		3BCEB0F519CFDE2D00A5E788 /* AppDelegate.swift */ = {isa = PBXFileReference; lastKnownFileType = sourcecode.swift; path = AppDelegate.swift; sourceTree = "<group>"; };
		3BCEB0F719CFDE2D00A5E788 /* ViewController.swift */ = {isa = PBXFileReference; lastKnownFileType = sourcecode.swift; path = ViewController.swift; sourceTree = "<group>"; };
		3BCEB0FA19CFDE2D00A5E788 /* Base */ = {isa = PBXFileReference; lastKnownFileType = file.storyboard; name = Base; path = Base.lproj/Main.storyboard; sourceTree = "<group>"; };
		3BCEB0FC19CFDE2D00A5E788 /* Images.xcassets */ = {isa = PBXFileReference; lastKnownFileType = folder.assetcatalog; path = Images.xcassets; sourceTree = "<group>"; };
		3BCEB0FF19CFDE2D00A5E788 /* Base */ = {isa = PBXFileReference; lastKnownFileType = file.xib; name = Base; path = Base.lproj/LaunchScreen.xib; sourceTree = "<group>"; };
		3BCEB10519CFDE2D00A5E788 /* StormyTests.xctest */ = {isa = PBXFileReference; explicitFileType = wrapper.cfbundle; includeInIndex = 0; path = StormyTests.xctest; sourceTree = BUILT_PRODUCTS_DIR; };
		3BCEB10A19CFDE2D00A5E788 /* Info.plist */ = {isa = PBXFileReference; lastKnownFileType = text.plist.xml; path = Info.plist; sourceTree = "<group>"; };
		3BCEB10B19CFDE2D00A5E788 /* StormyTests.swift */ = {isa = PBXFileReference; lastKnownFileType = sourcecode.swift; path = StormyTests.swift; sourceTree = "<group>"; };
/* End PBXFileReference section */

/* Begin PBXFrameworksBuildPhase section */
		3BCEB0ED19CFDE2D00A5E788 /* Frameworks */ = {
			isa = PBXFrameworksBuildPhase;
			buildActionMask = 2147483647;
			files = (
			);
			runOnlyForDeploymentPostprocessing = 0;
		};
		3BCEB10219CFDE2D00A5E788 /* Frameworks */ = {
			isa = PBXFrameworksBuildPhase;
			buildActionMask = 2147483647;
			files = (
			);
			runOnlyForDeploymentPostprocessing = 0;
		};
/* End PBXFrameworksBuildPhase section */

/* Begin PBXGroup section */
		3BCEB0E719CFDE2D00A5E788 = {
			isa = PBXGroup;
			children = (
				3BCEB0F219CFDE2D00A5E788 /* Stormy */,
				3BCEB10819CFDE2D00A5E788 /* StormyTests */,
				3BCEB0F119CFDE2D00A5E788 /* Products */,
			);
			sourceTree = "<group>";
		};
		3BCEB0F119CFDE2D00A5E788 /* Products */ = {
			isa = PBXGroup;
			children = (
				3BCEB0F019CFDE2D00A5E788 /* Stormy.app */,
				3BCEB10519CFDE2D00A5E788 /* StormyTests.xctest */,
			);
			name = Products;
			sourceTree = "<group>";
		};
		3BCEB0F219CFDE2D00A5E788 /* Stormy */ = {
			isa = PBXGroup;
			children = (
				3BCEB0F519CFDE2D00A5E788 /* AppDelegate.swift */,
				3BCEB0F719CFDE2D00A5E788 /* ViewController.swift */,
				3B25F94A19DB6007001ECDAB /* Current.swift */,
				3BCEB0F919CFDE2D00A5E788 /* Main.storyboard */,
				3BCEB0FC19CFDE2D00A5E788 /* Images.xcassets */,
				3BCEB0FE19CFDE2D00A5E788 /* LaunchScreen.xib */,
				3BCEB0F319CFDE2D00A5E788 /* Supporting Files */,
			);
			path = Stormy;
			sourceTree = "<group>";
		};
		3BCEB0F319CFDE2D00A5E788 /* Supporting Files */ = {
			isa = PBXGroup;
			children = (
				3BCEB0F419CFDE2D00A5E788 /* Info.plist */,
			);
			name = "Supporting Files";
			sourceTree = "<group>";
		};
		3BCEB10819CFDE2D00A5E788 /* StormyTests */ = {
			isa = PBXGroup;
			children = (
				3BCEB10B19CFDE2D00A5E788 /* StormyTests.swift */,
				3BCEB10919CFDE2D00A5E788 /* Supporting Files */,
			);
			path = StormyTests;
			sourceTree = "<group>";
		};
		3BCEB10919CFDE2D00A5E788 /* Supporting Files */ = {
			isa = PBXGroup;
			children = (
				3BCEB10A19CFDE2D00A5E788 /* Info.plist */,
			);
			name = "Supporting Files";
			sourceTree = "<group>";
		};
/* End PBXGroup section */

/* Begin PBXNativeTarget section */
		3BCEB0EF19CFDE2D00A5E788 /* Stormy */ = {
			isa = PBXNativeTarget;
			buildConfigurationList = 3BCEB10F19CFDE2D00A5E788 /* Build configuration list for PBXNativeTarget "Stormy" */;
			buildPhases = (
				3BCEB0EC19CFDE2D00A5E788 /* Sources */,
				3BCEB0ED19CFDE2D00A5E788 /* Frameworks */,
				3BCEB0EE19CFDE2D00A5E788 /* Resources */,
			);
			buildRules = (
			);
			dependencies = (
			);
			name = Stormy;
			productName = Stormy;
			productReference = 3BCEB0F019CFDE2D00A5E788 /* Stormy.app */;
			productType = "com.apple.product-type.application";
		};
		3BCEB10419CFDE2D00A5E788 /* StormyTests */ = {
			isa = PBXNativeTarget;
			buildConfigurationList = 3BCEB11219CFDE2D00A5E788 /* Build configuration list for PBXNativeTarget "StormyTests" */;
			buildPhases = (
				3BCEB10119CFDE2D00A5E788 /* Sources */,
				3BCEB10219CFDE2D00A5E788 /* Frameworks */,
				3BCEB10319CFDE2D00A5E788 /* Resources */,
			);
			buildRules = (
			);
			dependencies = (
				3BCEB10719CFDE2D00A5E788 /* PBXTargetDependency */,
			);
			name = StormyTests;
			productName = StormyTests;
			productReference = 3BCEB10519CFDE2D00A5E788 /* StormyTests.xctest */;
			productType = "com.apple.product-type.bundle.unit-test";
		};
/* End PBXNativeTarget section */

/* Begin PBXProject section */
		3BCEB0E819CFDE2D00A5E788 /* Project object */ = {
			isa = PBXProject;
			attributes = {
				LastUpgradeCheck = 0600;
				ORGANIZATIONNAME = Lusketeer;
				TargetAttributes = {
					3BCEB0EF19CFDE2D00A5E788 = {
						CreatedOnToolsVersion = 6.0;
					};
					3BCEB10419CFDE2D00A5E788 = {
						CreatedOnToolsVersion = 6.0;
						TestTargetID = 3BCEB0EF19CFDE2D00A5E788;
					};
				};
			};
			buildConfigurationList = 3BCEB0EB19CFDE2D00A5E788 /* Build configuration list for PBXProject "Stormy" */;
			compatibilityVersion = "Xcode 3.2";
			developmentRegion = English;
			hasScannedForEncodings = 0;
			knownRegions = (
				en,
				Base,
			);
			mainGroup = 3BCEB0E719CFDE2D00A5E788;
			productRefGroup = 3BCEB0F119CFDE2D00A5E788 /* Products */;
			projectDirPath = "";
			projectRoot = "";
			targets = (
				3BCEB0EF19CFDE2D00A5E788 /* Stormy */,
				3BCEB10419CFDE2D00A5E788 /* StormyTests */,
			);
		};
/* End PBXProject section */

/* Begin PBXResourcesBuildPhase section */
		3BCEB0EE19CFDE2D00A5E788 /* Resources */ = {
			isa = PBXResourcesBuildPhase;
			buildActionMask = 2147483647;
			files = (
				3BCEB0FB19CFDE2D00A5E788 /* Main.storyboard in Resources */,
				3BCEB10019CFDE2D00A5E788 /* LaunchScreen.xib in Resources */,
				3BCEB0FD19CFDE2D00A5E788 /* Images.xcassets in Resources */,
			);
			runOnlyForDeploymentPostprocessing = 0;
		};
		3BCEB10319CFDE2D00A5E788 /* Resources */ = {
			isa = PBXResourcesBuildPhase;
			buildActionMask = 2147483647;
			files = (
			);
			runOnlyForDeploymentPostprocessing = 0;
		};
/* End PBXResourcesBuildPhase section */

/* Begin PBXSourcesBuildPhase section */
		3BCEB0EC19CFDE2D00A5E788 /* Sources */ = {
			isa = PBXSourcesBuildPhase;
			buildActionMask = 2147483647;
			files = (
				3B25F94B19DB6007001ECDAB /* Current.swift in Sources */,
				3BCEB0F819CFDE2D00A5E788 /* ViewController.swift in Sources */,
				3BCEB0F619CFDE2D00A5E788 /* AppDelegate.swift in Sources */,
			);
			runOnlyForDeploymentPostprocessing = 0;
		};
		3BCEB10119CFDE2D00A5E788 /* Sources */ = {
			isa = PBXSourcesBuildPhase;
			buildActionMask = 2147483647;
			files = (
				3BCEB10C19CFDE2D00A5E788 /* StormyTests.swift in Sources */,
			);
			runOnlyForDeploymentPostprocessing = 0;
		};
/* End PBXSourcesBuildPhase section */

/* Begin PBXTargetDependency section */
		3BCEB10719CFDE2D00A5E788 /* PBXTargetDependency */ = {
			isa = PBXTargetDependency;
			target = 3BCEB0EF19CFDE2D00A5E788 /* Stormy */;
			targetProxy = 3BCEB10619CFDE2D00A5E788 /* PBXContainerItemProxy */;
		};
/* End PBXTargetDependency section */

/* Begin PBXVariantGroup section */
		3BCEB0F919CFDE2D00A5E788 /* Main.storyboard */ = {
			isa = PBXVariantGroup;
			children = (
				3BCEB0FA19CFDE2D00A5E788 /* Base */,
			);
			name = Main.storyboard;
			sourceTree = "<group>";
		};
		3BCEB0FE19CFDE2D00A5E788 /* LaunchScreen.xib */ = {
			isa = PBXVariantGroup;
			children = (
				3BCEB0FF19CFDE2D00A5E788 /* Base */,
			);
			name = LaunchScreen.xib;
			sourceTree = "<group>";
		};
/* End PBXVariantGroup section */

/* Begin XCBuildConfiguration section */
		3BCEB10D19CFDE2D00A5E788 /* Debug */ = {
			isa = XCBuildConfiguration;
			buildSettings = {
				ALWAYS_SEARCH_USER_PATHS = NO;
				CLANG_CXX_LANGUAGE_STANDARD = "gnu++0x";
				CLANG_CXX_LIBRARY = "libc++";
				CLANG_ENABLE_MODULES = YES;
				CLANG_ENABLE_OBJC_ARC = YES;
				CLANG_WARN_BOOL_CONVERSION = YES;
				CLANG_WARN_CONSTANT_CONVERSION = YES;
				CLANG_WARN_DIRECT_OBJC_ISA_USAGE = YES_ERROR;
				CLANG_WARN_EMPTY_BODY = YES;
				CLANG_WARN_ENUM_CONVERSION = YES;
				CLANG_WARN_INT_CONVERSION = YES;
				CLANG_WARN_OBJC_ROOT_CLASS = YES_ERROR;
				CLANG_WARN_UNREACHABLE_CODE = YES;
				CLANG_WARN__DUPLICATE_METHOD_MATCH = YES;
				"CODE_SIGN_IDENTITY[sdk=iphoneos*]" = "iPhone Developer";
				COPY_PHASE_STRIP = NO;
				ENABLE_STRICT_OBJC_MSGSEND = YES;
				GCC_C_LANGUAGE_STANDARD = gnu99;
				GCC_DYNAMIC_NO_PIC = NO;
				GCC_OPTIMIZATION_LEVEL = 0;
				GCC_PREPROCESSOR_DEFINITIONS = (
					"DEBUG=1",
					"$(inherited)",
				);
				GCC_SYMBOLS_PRIVATE_EXTERN = NO;
				GCC_WARN_64_TO_32_BIT_CONVERSION = YES;
				GCC_WARN_ABOUT_RETURN_TYPE = YES_ERROR;
				GCC_WARN_UNDECLARED_SELECTOR = YES;
				GCC_WARN_UNINITIALIZED_AUTOS = YES_AGGRESSIVE;
				GCC_WARN_UNUSED_FUNCTION = YES;
				GCC_WARN_UNUSED_VARIABLE = YES;
				IPHONEOS_DEPLOYMENT_TARGET = 8.0;
				MTL_ENABLE_DEBUG_INFO = YES;
				ONLY_ACTIVE_ARCH = YES;
				SDKROOT = iphoneos;
				SWIFT_OPTIMIZATION_LEVEL = "-Onone";
			};
			name = Debug;
		};
		3BCEB10E19CFDE2D00A5E788 /* Release */ = {
			isa = XCBuildConfiguration;
			buildSettings = {
				ALWAYS_SEARCH_USER_PATHS = NO;
				CLANG_CXX_LANGUAGE_STANDARD = "gnu++0x";
				CLANG_CXX_LIBRARY = "libc++";
				CLANG_ENABLE_MODULES = YES;
				CLANG_ENABLE_OBJC_ARC = YES;
				CLANG_WARN_BOOL_CONVERSION = YES;
				CLANG_WARN_CONSTANT_CONVERSION = YES;
				CLANG_WARN_DIRECT_OBJC_ISA_USAGE = YES_ERROR;
				CLANG_WARN_EMPTY_BODY = YES;
				CLANG_WARN_ENUM_CONVERSION = YES;
				CLANG_WARN_INT_CONVERSION = YES;
				CLANG_WARN_OBJC_ROOT_CLASS = YES_ERROR;
				CLANG_WARN_UNREACHABLE_CODE = YES;
				CLANG_WARN__DUPLICATE_METHOD_MATCH = YES;
				"CODE_SIGN_IDENTITY[sdk=iphoneos*]" = "iPhone Developer";
				COPY_PHASE_STRIP = YES;
				ENABLE_NS_ASSERTIONS = NO;
				ENABLE_STRICT_OBJC_MSGSEND = YES;
				GCC_C_LANGUAGE_STANDARD = gnu99;
				GCC_WARN_64_TO_32_BIT_CONVERSION = YES;
				GCC_WARN_ABOUT_RETURN_TYPE = YES_ERROR;
				GCC_WARN_UNDECLARED_SELECTOR = YES;
				GCC_WARN_UNINITIALIZED_AUTOS = YES_AGGRESSIVE;
				GCC_WARN_UNUSED_FUNCTION = YES;
				GCC_WARN_UNUSED_VARIABLE = YES;
				IPHONEOS_DEPLOYMENT_TARGET = 8.0;
				MTL_ENABLE_DEBUG_INFO = NO;
				SDKROOT = iphoneos;
				VALIDATE_PRODUCT = YES;
			};
			name = Release;
		};
		3BCEB11019CFDE2D00A5E788 /* Debug */ = {
			isa = XCBuildConfiguration;
			buildSettings = {
				ASSETCATALOG_COMPILER_APPICON_NAME = AppIcon;
				INFOPLIST_FILE = Stormy/Info.plist;
				LD_RUNPATH_SEARCH_PATHS = "$(inherited) @executable_path/Frameworks";
				PRODUCT_NAME = "$(TARGET_NAME)";
			};
			name = Debug;
		};
		3BCEB11119CFDE2D00A5E788 /* Release */ = {
			isa = XCBuildConfiguration;
			buildSettings = {
				ASSETCATALOG_COMPILER_APPICON_NAME = AppIcon;
				INFOPLIST_FILE = Stormy/Info.plist;
				LD_RUNPATH_SEARCH_PATHS = "$(inherited) @executable_path/Frameworks";
				PRODUCT_NAME = "$(TARGET_NAME)";
			};
			name = Release;
		};
		3BCEB11319CFDE2D00A5E788 /* Debug */ = {
			isa = XCBuildConfiguration;
			buildSettings = {
				BUNDLE_LOADER = "$(TEST_HOST)";
				FRAMEWORK_SEARCH_PATHS = (
					"$(SDKROOT)/Developer/Library/Frameworks",
					"$(inherited)",
				);
				GCC_PREPROCESSOR_DEFINITIONS = (
					"DEBUG=1",
					"$(inherited)",
				);
				INFOPLIST_FILE = StormyTests/Info.plist;
				LD_RUNPATH_SEARCH_PATHS = "$(inherited) @executable_path/Frameworks @loader_path/Frameworks";
				PRODUCT_NAME = "$(TARGET_NAME)";
				TEST_HOST = "$(BUILT_PRODUCTS_DIR)/Stormy.app/Stormy";
			};
			name = Debug;
		};
		3BCEB11419CFDE2D00A5E788 /* Release */ = {
			isa = XCBuildConfiguration;
			buildSettings = {
				BUNDLE_LOADER = "$(TEST_HOST)";
				FRAMEWORK_SEARCH_PATHS = (
					"$(SDKROOT)/Developer/Library/Frameworks",
					"$(inherited)",
				);
				INFOPLIST_FILE = StormyTests/Info.plist;
				LD_RUNPATH_SEARCH_PATHS = "$(inherited) @executable_path/Frameworks @loader_path/Frameworks";
				PRODUCT_NAME = "$(TARGET_NAME)";
				TEST_HOST = "$(BUILT_PRODUCTS_DIR)/Stormy.app/Stormy";
			};
			name = Release;
		};
/* End XCBuildConfiguration section */

/* Begin XCConfigurationList section */
		3BCEB0EB19CFDE2D00A5E788 /* Build configuration list for PBXProject "Stormy" */ = {
			isa = XCConfigurationList;
			buildConfigurations = (
				3BCEB10D19CFDE2D00A5E788 /* Debug */,
				3BCEB10E19CFDE2D00A5E788 /* Release */,
			);
			defaultConfigurationIsVisible = 0;
			defaultConfigurationName = Release;
		};
		3BCEB10F19CFDE2D00A5E788 /* Build configuration list for PBXNativeTarget "Stormy" */ = {
			isa = XCConfigurationList;
			buildConfigurations = (
				3BCEB11019CFDE2D00A5E788 /* Debug */,
				3BCEB11119CFDE2D00A5E788 /* Release */,
			);
			defaultConfigurationIsVisible = 0;
			defaultConfigurationName = Release;
		};
		3BCEB11219CFDE2D00A5E788 /* Build configuration list for PBXNativeTarget "StormyTests" */ = {
			isa = XCConfigurationList;
			buildConfigurations = (
				3BCEB11319CFDE2D00A5E788 /* Debug */,
				3BCEB11419CFDE2D00A5E788 /* Release */,
			);
			defaultConfigurationIsVisible = 0;
			defaultConfigurationName = Release;
		};
/* End XCConfigurationList section */
	};
	rootObject = 3BCEB0E819CFDE2D00A5E788 /* Project object */;
}
